{
  "name": "@ecp.eth/protocol",
  "version": "1.0.0",
  "lockfileVersion": 3,
  "requires": true,
  "packages": {
    "": {
      "name": "@ecp.eth/protocol",
      "version": "1.0.0",
      "license": "ISC",
      "dependencies": {
        "@openzeppelin/contracts": "^5.2.0",
        "forge-std": "github:foundry-rs/forge-std#v1.8.1"
      }
    },
    "../../node_modules/.pnpm/@openzeppelin+contracts@5.2.0/node_modules/@openzeppelin/contracts": {
      "version": "5.2.0",
      "license": "MIT"
    },
    "node_modules/@openzeppelin/contracts": {
      "resolved": "../../node_modules/.pnpm/@openzeppelin+contracts@5.2.0/node_modules/@openzeppelin/contracts",
      "link": true
    },
    "node_modules/forge-std": {
      "version": "1.7.6",
      "resolved": "git+ssh://git@github.com/foundry-rs/forge-std.git#bb4ceea94d6f10eeb5b41dc2391c6c8bf8e734ef",
      "license": "(Apache-2.0 OR MIT)"
    }
  }
}
